
Microsoft Visual Studio Solution File, Format Version 12.00
# Visual Studio 14
VisualStudioVersion = 14.0.25420.1
MinimumVisualStudioVersion = 10.0.40219.1
Project("{FAE04EC0-301F-11D3-BF4B-00C04F79EFBC}") = "WannaCryFileRestorer", "WannaCryFileRestorer\WannaCryFileRestorer.csproj", "{A7AFFA2A-07D5-40F0-85D7-06828D732661}"
EndProject
Project("{FAE04EC0-301F-11D3-BF4B-00C04F79EFBC}") = "WannaCryFileFinder", "WannaCryFileFinder\WannaCryFileFinder.csproj", "{DC0DB79E-7C0C-4EFA-B20A-67419C739590}"
EndProject
Global
	GlobalSection(SolutionConfigurationPlatforms) = preSolution
		Debug|Any CPU = Debug|Any CPU
		Release|Any CPU = Release|Any CPU
	EndGlobalSection
	GlobalSection(ProjectConfigurationPlatforms) = postSolution
		{A7AFFA2A-07D5-40F0-85D7-06828D732661}.Debug|Any CPU.ActiveCfg = Debug|Any CPU
		{A7AFFA2A-07D5-40F0-85D7-06828D732661}.Debug|Any CPU.Build.0 = Debug|Any CPU
		{A7AFFA2A-07D5-40F0-85D7-06828D732661}.Release|Any CPU.ActiveCfg = Release|Any CPU
		{A7AFFA2A-07D5-40F0-85D7-06828D732661}.Release|Any CPU.Build.0 = Release|Any CPU
		{DC0DB79E-7C0C-4EFA-B20A-67419C739590}.Debug|Any CPU.ActiveCfg = Debug|Any CPU
		{DC0DB79E-7C0C-4EFA-B20A-67419C739590}.Debug|Any CPU.Build.0 = Debug|Any CPU
		{DC0DB79E-7C0C-4EFA-B20A-67419C739590}.Release|Any CPU.ActiveCfg = Release|Any CPU
		{DC0DB79E-7C0C-4EFA-B20A-67419C739590}.Release|Any CPU.Build.0 = Release|Any CPU
	EndGlobalSection
	GlobalSection(SolutionProperties) = preSolution
		HideSolutionNode = FALSE
	EndGlobalSection
EndGlobal
